
Microsoft Visual Studio Solution File, Format Version 12.00
# Visual Studio Version 16
VisualStudioVersion = 25.0.1706.0
MinimumVisualStudioVersion = 10.0.40219.1
Project("{FAE04EC0-301F-11D3-BF4B-00C04F79EFBC}") = "vn_mode_csharp_dz31", "vn_mode_csharp_dz31\vn_mode_csharp_dz31.csproj", "{A73D9441-651F-4A3D-96BD-5999BD3ADA35}"
EndProject
Global
	GlobalSection(SolutionConfigurationPlatforms) = preSolution
		Debug|Any CPU = Debug|Any CPU
		Release|Any CPU = Release|Any CPU
	EndGlobalSection
	GlobalSection(ProjectConfigurationPlatforms) = postSolution
		{A73D9441-651F-4A3D-96BD-5999BD3ADA35}.Debug|Any CPU.ActiveCfg = Debug|Any CPU
		{A73D9441-651F-4A3D-96BD-5999BD3ADA35}.Debug|Any CPU.Build.0 = Debug|Any CPU
		{A73D9441-651F-4A3D-96BD-5999BD3ADA35}.Release|Any CPU.ActiveCfg = Release|Any CPU
		{A73D9441-651F-4A3D-96BD-5999BD3ADA35}.Release|Any CPU.Build.0 = Release|Any CPU
	EndGlobalSection
	GlobalSection(SolutionProperties) = preSolution
		HideSolutionNode = FALSE
	EndGlobalSection
	GlobalSection(ExtensibilityGlobals) = postSolution
		SolutionGuid = {31CBC008-ECA6-4EC9-8ACD-6B46122AEC67}
	EndGlobalSection
EndGlobal
